
Microsoft Visual Studio Solution File, Format Version 12.00
# Visual Studio Version 16
VisualStudioVersion = 16.0.30001.183
MinimumVisualStudioVersion = 15.0.26124.0
Project("{2150E333-8FDC-42A3-9474-1A3956D46DE8}") = "src", "src", "{87F6C079-CBD7-4866-BDEB-CBDEA9E51D2A}"
EndProject
Project("{F2A71F9B-5D33-465A-A702-920D77279786}") = "Bolero.Client", "src\Bolero.Client\Bolero.Client.fsproj", "{1481BBD6-A6DA-4912-A03A-134880D14701}"
EndProject
Project("{F2A71F9B-5D33-465A-A702-920D77279786}") = "SpacePlanning", "..\SpacePlanning\SpacePlanning\SpacePlanning.fsproj", "{3AA6FFE5-B087-44DE-A70D-8F263855BBCB}"
EndProject
Global
	GlobalSection(SolutionConfigurationPlatforms) = preSolution
		Debug|Any CPU = Debug|Any CPU
		Debug|x64 = Debug|x64
		Debug|x86 = Debug|x86
		Release|Any CPU = Release|Any CPU
		Release|x64 = Release|x64
		Release|x86 = Release|x86
	EndGlobalSection
	GlobalSection(ProjectConfigurationPlatforms) = postSolution
		{1481BBD6-A6DA-4912-A03A-134880D14701}.Debug|Any CPU.ActiveCfg = Debug|Any CPU
		{1481BBD6-A6DA-4912-A03A-134880D14701}.Debug|Any CPU.Build.0 = Debug|Any CPU
		{1481BBD6-A6DA-4912-A03A-134880D14701}.Debug|x64.ActiveCfg = Debug|Any CPU
		{1481BBD6-A6DA-4912-A03A-134880D14701}.Debug|x64.Build.0 = Debug|Any CPU
		{1481BBD6-A6DA-4912-A03A-134880D14701}.Debug|x86.ActiveCfg = Debug|Any CPU
		{1481BBD6-A6DA-4912-A03A-134880D14701}.Debug|x86.Build.0 = Debug|Any CPU
		{1481BBD6-A6DA-4912-A03A-134880D14701}.Release|Any CPU.ActiveCfg = Release|Any CPU
		{1481BBD6-A6DA-4912-A03A-134880D14701}.Release|Any CPU.Build.0 = Release|Any CPU
		{1481BBD6-A6DA-4912-A03A-134880D14701}.Release|x64.ActiveCfg = Release|Any CPU
		{1481BBD6-A6DA-4912-A03A-134880D14701}.Release|x64.Build.0 = Release|Any CPU
		{1481BBD6-A6DA-4912-A03A-134880D14701}.Release|x86.ActiveCfg = Release|Any CPU
		{1481BBD6-A6DA-4912-A03A-134880D14701}.Release|x86.Build.0 = Release|Any CPU
		{3AA6FFE5-B087-44DE-A70D-8F263855BBCB}.Debug|Any CPU.ActiveCfg = Debug|Any CPU
		{3AA6FFE5-B087-44DE-A70D-8F263855BBCB}.Debug|Any CPU.Build.0 = Debug|Any CPU
		{3AA6FFE5-B087-44DE-A70D-8F263855BBCB}.Debug|x64.ActiveCfg = Debug|Any CPU
		{3AA6FFE5-B087-44DE-A70D-8F263855BBCB}.Debug|x64.Build.0 = Debug|Any CPU
		{3AA6FFE5-B087-44DE-A70D-8F263855BBCB}.Debug|x86.ActiveCfg = Debug|Any CPU
		{3AA6FFE5-B087-44DE-A70D-8F263855BBCB}.Debug|x86.Build.0 = Debug|Any CPU
		{3AA6FFE5-B087-44DE-A70D-8F263855BBCB}.Release|Any CPU.ActiveCfg = Release|Any CPU
		{3AA6FFE5-B087-44DE-A70D-8F263855BBCB}.Release|Any CPU.Build.0 = Release|Any CPU
		{3AA6FFE5-B087-44DE-A70D-8F263855BBCB}.Release|x64.ActiveCfg = Release|Any CPU
		{3AA6FFE5-B087-44DE-A70D-8F263855BBCB}.Release|x64.Build.0 = Release|Any CPU
		{3AA6FFE5-B087-44DE-A70D-8F263855BBCB}.Release|x86.ActiveCfg = Release|Any CPU
		{3AA6FFE5-B087-44DE-A70D-8F263855BBCB}.Release|x86.Build.0 = Release|Any CPU
	EndGlobalSection
	GlobalSection(SolutionProperties) = preSolution
		HideSolutionNode = FALSE
	EndGlobalSection
	GlobalSection(NestedProjects) = preSolution
		{1481BBD6-A6DA-4912-A03A-134880D14701} = {87F6C079-CBD7-4866-BDEB-CBDEA9E51D2A}
	EndGlobalSection
	GlobalSection(ExtensibilityGlobals) = postSolution
		SolutionGuid = {8CFD6033-FB8D-48BE-9628-9D83DC023CAB}
	EndGlobalSection
EndGlobal
